// !$*UTF8*$!
{
	archiveVersion = 1;
	classes = {
	};
	objectVersion = 46;
	objects = {

/* Begin PBXBuildFile section */
		45A2DE20152C4A0200BF80F3 /* MyCardsView.m in Sources */ = {isa = PBXBuildFile; fileRef = 45A2DE1F152C4A0200BF80F3 /* MyCardsView.m */; };
		6415D38A153C9F3400974FBB /* 2Carreau.png in Resources */ = {isa = PBXBuildFile; fileRef = 6415D32D153C9F3400974FBB /* 2Carreau.png */; };
		6415D38B153C9F3400974FBB /* 2Carreau@2x.png in Resources */ = {isa = PBXBuildFile; fileRef = 6415D32E153C9F3400974FBB /* 2Carreau@2x.png */; };
		6415D38C153C9F3400974FBB /* 2Coeur.png in Resources */ = {isa = PBXBuildFile; fileRef = 6415D32F153C9F3400974FBB /* 2Coeur.png */; };
		6415D38D153C9F3400974FBB /* 2Coeur@2x.png in Resources */ = {isa = PBXBuildFile; fileRef = 6415D330153C9F3400974FBB /* 2Coeur@2x.png */; };
		6415D38E153C9F3400974FBB /* 2Pique.png in Resources */ = {isa = PBXBuildFile; fileRef = 6415D331153C9F3400974FBB /* 2Pique.png */; };
		6415D38F153C9F3400974FBB /* 2Pique@2x.png in Resources */ = {isa = PBXBuildFile; fileRef = 6415D332153C9F3400974FBB /* 2Pique@2x.png */; };
		6415D390153C9F3400974FBB /* 2Trefle.png in Resources */ = {isa = PBXBuildFile; fileRef = 6415D333153C9F3400974FBB /* 2Trefle.png */; };
		6415D391153C9F3400974FBB /* 2Trefle@2x.png in Resources */ = {isa = PBXBuildFile; fileRef = 6415D334153C9F3400974FBB /* 2Trefle@2x.png */; };
		6415D392153C9F3400974FBB /* 3Carreau.png in Resources */ = {isa = PBXBuildFile; fileRef = 6415D335153C9F3400974FBB /* 3Carreau.png */; };
		6415D393153C9F3400974FBB /* 3Carreau@2x.png in Resources */ = {isa = PBXBuildFile; fileRef = 6415D336153C9F3400974FBB /* 3Carreau@2x.png */; };
		6415D394153C9F3400974FBB /* 3Coeur.png in Resources */ = {isa = PBXBuildFile; fileRef = 6415D337153C9F3400974FBB /* 3Coeur.png */; };
		6415D395153C9F3400974FBB /* 3Coeur@2x.png in Resources */ = {isa = PBXBuildFile; fileRef = 6415D338153C9F3400974FBB /* 3Coeur@2x.png */; };
		6415D396153C9F3400974FBB /* 3Pique.png in Resources */ = {isa = PBXBuildFile; fileRef = 6415D339153C9F3400974FBB /* 3Pique.png */; };
		6415D397153C9F3400974FBB /* 3Pique@2x.png in Resources */ = {isa = PBXBuildFile; fileRef = 6415D33A153C9F3400974FBB /* 3Pique@2x.png */; };
		6415D398153C9F3400974FBB /* 3Trefle.png in Resources */ = {isa = PBXBuildFile; fileRef = 6415D33B153C9F3400974FBB /* 3Trefle.png */; };
		6415D399153C9F3400974FBB /* 3Trefle@2x.png in Resources */ = {isa = PBXBuildFile; fileRef = 6415D33C153C9F3400974FBB /* 3Trefle@2x.png */; };
		6415D39A153C9F3400974FBB /* 4Carreau.png in Resources */ = {isa = PBXBuildFile; fileRef = 6415D33D153C9F3400974FBB /* 4Carreau.png */; };
		6415D39B153C9F3400974FBB /* 4Carreau@2x.png in Resources */ = {isa = PBXBuildFile; fileRef = 6415D33E153C9F3400974FBB /* 4Carreau@2x.png */; };
		6415D39C153C9F3400974FBB /* 4Coeur.png in Resources */ = {isa = PBXBuildFile; fileRef = 6415D33F153C9F3400974FBB /* 4Coeur.png */; };
		6415D39D153C9F3400974FBB /* 4Coeur@2x.png in Resources */ = {isa = PBXBuildFile; fileRef = 6415D340153C9F3400974FBB /* 4Coeur@2x.png */; };
		6415D39E153C9F3400974FBB /* 4Pique.png in Resources */ = {isa = PBXBuildFile; fileRef = 6415D341153C9F3400974FBB /* 4Pique.png */; };
		6415D39F153C9F3400974FBB /* 4Pique@2x.png in Resources */ = {isa = PBXBuildFile; fileRef = 6415D342153C9F3400974FBB /* 4Pique@2x.png */; };
		6415D3A0153C9F3400974FBB /* 4Trefle.png in Resources */ = {isa = PBXBuildFile; fileRef = 6415D343153C9F3400974FBB /* 4Trefle.png */; };
		6415D3A1153C9F3400974FBB /* 4Trefle@2x.png in Resources */ = {isa = PBXBuildFile; fileRef = 6415D344153C9F3400974FBB /* 4Trefle@2x.png */; };
		6415D3A2153C9F3400974FBB /* 5Carreau.png in Resources */ = {isa = PBXBuildFile; fileRef = 6415D345153C9F3400974FBB /* 5Carreau.png */; };
		6415D3A3153C9F3400974FBB /* 5Carreau@2x.png in Resources */ = {isa = PBXBuildFile; fileRef = 6415D346153C9F3400974FBB /* 5Carreau@2x.png */; };
		6415D3A4153C9F3400974FBB /* 5Coeur.png in Resources */ = {isa = PBXBuildFile; fileRef = 6415D347153C9F3400974FBB /* 5Coeur.png */; };
		6415D3A5153C9F3400974FBB /* 5Coeur@2x.png in Resources */ = {isa = PBXBuildFile; fileRef = 6415D348153C9F3400974FBB /* 5Coeur@2x.png */; };
		6415D3A6153C9F3400974FBB /* 5Pique.png in Resources */ = {isa = PBXBuildFile; fileRef = 6415D349153C9F3400974FBB /* 5Pique.png */; };
		6415D3A7153C9F3400974FBB /* 5Pique@2x.png in Resources */ = {isa = PBXBuildFile; fileRef = 6415D34A153C9F3400974FBB /* 5Pique@2x.png */; };
		6415D3A8153C9F3400974FBB /* 5Trefle.png in Resources */ = {isa = PBXBuildFile; fileRef = 6415D34B153C9F3400974FBB /* 5Trefle.png */; };
		6415D3A9153C9F3400974FBB /* 5Trefle@2x.png in Resources */ = {isa = PBXBuildFile; fileRef = 6415D34C153C9F3400974FBB /* 5Trefle@2x.png */; };
		6415D3AA153C9F3400974FBB /* 6Carreau.png in Resources */ = {isa = PBXBuildFile; fileRef = 6415D34D153C9F3400974FBB /* 6Carreau.png */; };
		6415D3AB153C9F3400974FBB /* 6Carreau@2x.png in Resources */ = {isa = PBXBuildFile; fileRef = 6415D34E153C9F3400974FBB /* 6Carreau@2x.png */; };
		6415D3AC153C9F3400974FBB /* 6Coeur.png in Resources */ = {isa = PBXBuildFile; fileRef = 6415D34F153C9F3400974FBB /* 6Coeur.png */; };
		6415D3AD153C9F3400974FBB /* 6Coeur@2x.png in Resources */ = {isa = PBXBuildFile; fileRef = 6415D350153C9F3400974FBB /* 6Coeur@2x.png */; };
		6415D3AE153C9F3400974FBB /* 6Pique.png in Resources */ = {isa = PBXBuildFile; fileRef = 6415D351153C9F3400974FBB /* 6Pique.png */; };
		6415D3AF153C9F3400974FBB /* 6Pique@2x.png in Resources */ = {isa = PBXBuildFile; fileRef = 6415D352153C9F3400974FBB /* 6Pique@2x.png */; };
		6415D3B0153C9F3400974FBB /* 6Trefle.png in Resources */ = {isa = PBXBuildFile; fileRef = 6415D353153C9F3400974FBB /* 6Trefle.png */; };
		6415D3B1153C9F3400974FBB /* 6Trefle@2x.png in Resources */ = {isa = PBXBuildFile; fileRef = 6415D354153C9F3400974FBB /* 6Trefle@2x.png */; };
		6415D3B2153C9F3400974FBB /* 7Carreau.png in Resources */ = {isa = PBXBuildFile; fileRef = 6415D355153C9F3400974FBB /* 7Carreau.png */; };
		6415D3B3153C9F3400974FBB /* 7Carreau@2x.png in Resources */ = {isa = PBXBuildFile; fileRef = 6415D356153C9F3400974FBB /* 7Carreau@2x.png */; };
		6415D3B4153C9F3400974FBB /* 7Coeur.png in Resources */ = {isa = PBXBuildFile; fileRef = 6415D357153C9F3400974FBB /* 7Coeur.png */; };
		6415D3B5153C9F3400974FBB /* 7Coeur@2x.png in Resources */ = {isa = PBXBuildFile; fileRef = 6415D358153C9F3400974FBB /* 7Coeur@2x.png */; };
		6415D3B6153C9F3400974FBB /* 7Pique.png in Resources */ = {isa = PBXBuildFile; fileRef = 6415D359153C9F3400974FBB /* 7Pique.png */; };
		6415D3B7153C9F3400974FBB /* 7Pique@2x.png in Resources */ = {isa = PBXBuildFile; fileRef = 6415D35A153C9F3400974FBB /* 7Pique@2x.png */; };
		6415D3B8153C9F3400974FBB /* 7Trefle.png in Resources */ = {isa = PBXBuildFile; fileRef = 6415D35B153C9F3400974FBB /* 7Trefle.png */; };
		6415D3B9153C9F3400974FBB /* 7Trefle@2x.png in Resources */ = {isa = PBXBuildFile; fileRef = 6415D35C153C9F3400974FBB /* 7Trefle@2x.png */; };
		6415D3BA153C9F3400974FBB /* 8Carreau.png in Resources */ = {isa = PBXBuildFile; fileRef = 6415D35D153C9F3400974FBB /* 8Carreau.png */; };
		6415D3BB153C9F3400974FBB /* 8Carreau@2x.png in Resources */ = {isa = PBXBuildFile; fileRef = 6415D35E153C9F3400974FBB /* 8Carreau@2x.png */; };
		6415D3BC153C9F3400974FBB /* 8Coeur.png in Resources */ = {isa = PBXBuildFile; fileRef = 6415D35F153C9F3400974FBB /* 8Coeur.png */; };
		6415D3BD153C9F3400974FBB /* 8Coeur@2x.png in Resources */ = {isa = PBXBuildFile; fileRef = 6415D360153C9F3400974FBB /* 8Coeur@2x.png */; };
		6415D3BE153C9F3400974FBB /* 8Pique.png in Resources */ = {isa = PBXBuildFile; fileRef = 6415D361153C9F3400974FBB /* 8Pique.png */; };
		6415D3BF153C9F3400974FBB /* 8Pique@2x.png in Resources */ = {isa = PBXBuildFile; fileRef = 6415D362153C9F3400974FBB /* 8Pique@2x.png */; };
		6415D3C0153C9F3400974FBB /* 8Trefle.png in Resources */ = {isa = PBXBuildFile; fileRef = 6415D363153C9F3400974FBB /* 8Trefle.png */; };
		6415D3C1153C9F3400974FBB /* 8Trefle@2x.png in Resources */ = {isa = PBXBuildFile; fileRef = 6415D364153C9F3400974FBB /* 8Trefle@2x.png */; };
		6415D3C2153C9F3400974FBB /* 9Carreau.png in Resources */ = {isa = PBXBuildFile; fileRef = 6415D365153C9F3400974FBB /* 9Carreau.png */; };
		6415D3C3153C9F3400974FBB /* 9Carreau@2x.png in Resources */ = {isa = PBXBuildFile; fileRef = 6415D366153C9F3400974FBB /* 9Carreau@2x.png */; };
		6415D3C4153C9F3400974FBB /* 9Coeur.png in Resources */ = {isa = PBXBuildFile; fileRef = 6415D367153C9F3400974FBB /* 9Coeur.png */; };
		6415D3C5153C9F3400974FBB /* 9Coeur@2x.png in Resources */ = {isa = PBXBuildFile; fileRef = 6415D368153C9F3400974FBB /* 9Coeur@2x.png */; };
		6415D3C6153C9F3400974FBB /* 9Pique.png in Resources */ = {isa = PBXBuildFile; fileRef = 6415D369153C9F3400974FBB /* 9Pique.png */; };
		6415D3C7153C9F3400974FBB /* 9Pique@2x.png in Resources */ = {isa = PBXBuildFile; fileRef = 6415D36A153C9F3400974FBB /* 9Pique@2x.png */; };
		6415D3C8153C9F3400974FBB /* 9Trefle.png in Resources */ = {isa = PBXBuildFile; fileRef = 6415D36B153C9F3400974FBB /* 9Trefle.png */; };
		6415D3C9153C9F3400974FBB /* 9Trefle@2x.png in Resources */ = {isa = PBXBuildFile; fileRef = 6415D36C153C9F3400974FBB /* 9Trefle@2x.png */; };
		6415D3CA153C9F3400974FBB /* 10Carreau.png in Resources */ = {isa = PBXBuildFile; fileRef = 6415D36D153C9F3400974FBB /* 10Carreau.png */; };
		6415D3CB153C9F3400974FBB /* 10Carreau@2x.png in Resources */ = {isa = PBXBuildFile; fileRef = 6415D36E153C9F3400974FBB /* 10Carreau@2x.png */; };
		6415D3CC153C9F3400974FBB /* 10Coeur.png in Resources */ = {isa = PBXBuildFile; fileRef = 6415D36F153C9F3400974FBB /* 10Coeur.png */; };
		6415D3CD153C9F3400974FBB /* 10Coeur@2x.png in Resources */ = {isa = PBXBuildFile; fileRef = 6415D370153C9F3400974FBB /* 10Coeur@2x.png */; };
		6415D3CE153C9F3400974FBB /* 10Pique.png in Resources */ = {isa = PBXBuildFile; fileRef = 6415D371153C9F3400974FBB /* 10Pique.png */; };
		6415D3CF153C9F3400974FBB /* 10Pique@2x.png in Resources */ = {isa = PBXBuildFile; fileRef = 6415D372153C9F3400974FBB /* 10Pique@2x.png */; };
		6415D3D0153C9F3400974FBB /* 10Trefle.png in Resources */ = {isa = PBXBuildFile; fileRef = 6415D373153C9F3400974FBB /* 10Trefle.png */; };
		6415D3D1153C9F3400974FBB /* 10Trefle@2x.png in Resources */ = {isa = PBXBuildFile; fileRef = 6415D374153C9F3400974FBB /* 10Trefle@2x.png */; };
		6415D3D2153C9F3400974FBB /* asCarreau.png in Resources */ = {isa = PBXBuildFile; fileRef = 6415D375153C9F3400974FBB /* asCarreau.png */; };
		6415D3D3153C9F3400974FBB /* asCarreau@2x.png in Resources */ = {isa = PBXBuildFile; fileRef = 6415D376153C9F3400974FBB /* asCarreau@2x.png */; };
		6415D3D4153C9F3400974FBB /* asCoeur.png in Resources */ = {isa = PBXBuildFile; fileRef = 6415D377153C9F3400974FBB /* asCoeur.png */; };
		6415D3D5153C9F3400974FBB /* asCoeur@2x.png in Resources */ = {isa = PBXBuildFile; fileRef = 6415D378153C9F3400974FBB /* asCoeur@2x.png */; };
		6415D3D6153C9F3400974FBB /* asPique.png in Resources */ = {isa = PBXBuildFile; fileRef = 6415D379153C9F3400974FBB /* asPique.png */; };
		6415D3D7153C9F3400974FBB /* asPique@2x.png in Resources */ = {isa = PBXBuildFile; fileRef = 6415D37A153C9F3400974FBB /* asPique@2x.png */; };
		6415D3D8153C9F3400974FBB /* asTrefle.png in Resources */ = {isa = PBXBuildFile; fileRef = 6415D37B153C9F3400974FBB /* asTrefle.png */; };
		6415D3D9153C9F3400974FBB /* asTrefle@2x.png in Resources */ = {isa = PBXBuildFile; fileRef = 6415D37C153C9F3400974FBB /* asTrefle@2x.png */; };
		6415D3DA153C9F3400974FBB /* backgroundcartes.jpg in Resources */ = {isa = PBXBuildFile; fileRef = 6415D37D153C9F3400974FBB /* backgroundcartes.jpg */; };
		6415D3DB153C9F3400974FBB /* cancel.png in Resources */ = {isa = PBXBuildFile; fileRef = 6415D37E153C9F3400974FBB /* cancel.png */; };
		6415D3DC153C9F3400974FBB /* dameCarreau.png in Resources */ = {isa = PBXBuildFile; fileRef = 6415D37F153C9F3400974FBB /* dameCarreau.png */; };
		6415D3DD153C9F3400974FBB /* dameCarreau@2x.png in Resources */ = {isa = PBXBuildFile; fileRef = 6415D380153C9F3400974FBB /* dameCarreau@2x.png */; };
		6415D3DE153C9F3400974FBB /* dameCoeur.png in Resources */ = {isa = PBXBuildFile; fileRef = 6415D381153C9F3400974FBB /* dameCoeur.png */; };
		6415D3DF153C9F3400974FBB /* dameCoeur@2x.png in Resources */ = {isa = PBXBuildFile; fileRef = 6415D382153C9F3400974FBB /* dameCoeur@2x.png */; };
		6415D3E0153C9F3400974FBB /* damePique.png in Resources */ = {isa = PBXBuildFile; fileRef = 6415D383153C9F3400974FBB /* damePique.png */; };
		6415D3E1153C9F3400974FBB /* damePique@2x.png in Resources */ = {isa = PBXBuildFile; fileRef = 6415D384153C9F3400974FBB /* damePique@2x.png */; };
		6415D3E2153C9F3400974FBB /* dameTrefle.png in Resources */ = {isa = PBXBuildFile; fileRef = 6415D385153C9F3400974FBB /* dameTrefle.png */; };
		6415D3E3153C9F3400974FBB /* dameTrefle@2x.png in Resources */ = {isa = PBXBuildFile; fileRef = 6415D386153C9F3400974FBB /* dameTrefle@2x.png */; };
		6415D3E4153C9F3400974FBB /* done.png in Resources */ = {isa = PBXBuildFile; fileRef = 6415D387153C9F3400974FBB /* done.png */; };
		6415D3E5153C9F3400974FBB /* dos.png in Resources */ = {isa = PBXBuildFile; fileRef = 6415D388153C9F3400974FBB /* dos.png */; };
		6415D3E6153C9F3400974FBB /* dos@2x.png in Resources */ = {isa = PBXBuildFile; fileRef = 6415D389153C9F3400974FBB /* dos@2x.png */; };
		6415D3F7153C9F4700974FBB /* roiCarreau.png in Resources */ = {isa = PBXBuildFile; fileRef = 6415D3E7153C9F4700974FBB /* roiCarreau.png */; };
		6415D3F8153C9F4700974FBB /* roiCarreau@2x.png in Resources */ = {isa = PBXBuildFile; fileRef = 6415D3E8153C9F4700974FBB /* roiCarreau@2x.png */; };
		6415D3F9153C9F4700974FBB /* roiCoeur.png in Resources */ = {isa = PBXBuildFile; fileRef = 6415D3E9153C9F4700974FBB /* roiCoeur.png */; };
		6415D3FA153C9F4700974FBB /* roiCoeur@2x.png in Resources */ = {isa = PBXBuildFile; fileRef = 6415D3EA153C9F4700974FBB /* roiCoeur@2x.png */; };
		6415D3FB153C9F4700974FBB /* roiPique.png in Resources */ = {isa = PBXBuildFile; fileRef = 6415D3EB153C9F4700974FBB /* roiPique.png */; };
		6415D3FC153C9F4700974FBB /* roiPique@2x.png in Resources */ = {isa = PBXBuildFile; fileRef = 6415D3EC153C9F4700974FBB /* roiPique@2x.png */; };
		6415D3FD153C9F4700974FBB /* roiTrefle.png in Resources */ = {isa = PBXBuildFile; fileRef = 6415D3ED153C9F4700974FBB /* roiTrefle.png */; };
		6415D3FE153C9F4700974FBB /* roiTrefle@2x.png in Resources */ = {isa = PBXBuildFile; fileRef = 6415D3EE153C9F4700974FBB /* roiTrefle@2x.png */; };
		6415D3FF153C9F4700974FBB /* valetCarreau@.png in Resources */ = {isa = PBXBuildFile; fileRef = 6415D3EF153C9F4700974FBB /* valetCarreau@.png */; };
		6415D400153C9F4700974FBB /* valetCarreau@2x.png in Resources */ = {isa = PBXBuildFile; fileRef = 6415D3F0153C9F4700974FBB /* valetCarreau@2x.png */; };
		6415D401153C9F4700974FBB /* valetCoeur.png in Resources */ = {isa = PBXBuildFile; fileRef = 6415D3F1153C9F4700974FBB /* valetCoeur.png */; };
		6415D402153C9F4700974FBB /* valetCoeur@2x.png in Resources */ = {isa = PBXBuildFile; fileRef = 6415D3F2153C9F4700974FBB /* valetCoeur@2x.png */; };
		6415D403153C9F4700974FBB /* valetPique.png in Resources */ = {isa = PBXBuildFile; fileRef = 6415D3F3153C9F4700974FBB /* valetPique.png */; };
		6415D404153C9F4700974FBB /* valetPique@2x.png in Resources */ = {isa = PBXBuildFile; fileRef = 6415D3F4153C9F4700974FBB /* valetPique@2x.png */; };
		6415D405153C9F4700974FBB /* valetTrefle.png in Resources */ = {isa = PBXBuildFile; fileRef = 6415D3F5153C9F4700974FBB /* valetTrefle.png */; };
		6415D406153C9F4700974FBB /* valetTrefle@2x.png in Resources */ = {isa = PBXBuildFile; fileRef = 6415D3F6153C9F4700974FBB /* valetTrefle@2x.png */; };
		64346DB1152B52C700E54225 /* Pot_CalculatorSecondPageViewController.m in Sources */ = {isa = PBXBuildFile; fileRef = 64346DAF152B52C700E54225 /* Pot_CalculatorSecondPageViewController.m */; };
		64346DB2152B52C700E54225 /* Pot_CalculatorSecondPageViewController.xib in Resources */ = {isa = PBXBuildFile; fileRef = 64346DB0152B52C700E54225 /* Pot_CalculatorSecondPageViewController.xib */; };
		64346DBB152C1E4300E54225 /* Pot_CalculatorThirdPageViewController.m in Sources */ = {isa = PBXBuildFile; fileRef = 64346DB9152C1E4300E54225 /* Pot_CalculatorThirdPageViewController.m */; };
		64346DBC152C1E4300E54225 /* Pot_CalculatorThirdPageViewController.xib in Resources */ = {isa = PBXBuildFile; fileRef = 64346DBA152C1E4300E54225 /* Pot_CalculatorThirdPageViewController.xib */; };
		6485141A153A0FE8000DF1C9 /* Carte.m in Sources */ = {isa = PBXBuildFile; fileRef = 64851419153A0FE8000DF1C9 /* Carte.m */; };
		649F2553152C51A70050E4D5 /* Pot_Calculator_Brain.m in Sources */ = {isa = PBXBuildFile; fileRef = 649F2552152C51A70050E4D5 /* Pot_Calculator_Brain.m */; };
		64ACFBD8152C36A400098A01 /* IIViewDeckController.m in Sources */ = {isa = PBXBuildFile; fileRef = 64ACFBD5152C36A400098A01 /* IIViewDeckController.m */; };
		64ACFBD9152C36A400098A01 /* WrapController.m in Sources */ = {isa = PBXBuildFile; fileRef = 64ACFBD7152C36A400098A01 /* WrapController.m */; };
		64D379351526FD3500DA794B /* UIKit.framework in Frameworks */ = {isa = PBXBuildFile; fileRef = 64D379341526FD3500DA794B /* UIKit.framework */; };
		64D379371526FD3500DA794B /* Foundation.framework in Frameworks */ = {isa = PBXBuildFile; fileRef = 64D379361526FD3500DA794B /* Foundation.framework */; };
		64D379391526FD3500DA794B /* CoreGraphics.framework in Frameworks */ = {isa = PBXBuildFile; fileRef = 64D379381526FD3500DA794B /* CoreGraphics.framework */; };
		64D3793F1526FD3500DA794B /* InfoPlist.strings in Resources */ = {isa = PBXBuildFile; fileRef = 64D3793D1526FD3500DA794B /* InfoPlist.strings */; };
		64D379411526FD3500DA794B /* main.m in Sources */ = {isa = PBXBuildFile; fileRef = 64D379401526FD3500DA794B /* main.m */; };
		64D379451526FD3500DA794B /* Pot_CalculatorAppDelegate.m in Sources */ = {isa = PBXBuildFile; fileRef = 64D379441526FD3500DA794B /* Pot_CalculatorAppDelegate.m */; };
		64D379481526FD3500DA794B /* Pot_CalculatorViewController.m in Sources */ = {isa = PBXBuildFile; fileRef = 64D379471526FD3500DA794B /* Pot_CalculatorViewController.m */; };
		64D3794B1526FD3500DA794B /* Pot_CalculatorViewController.xib in Resources */ = {isa = PBXBuildFile; fileRef = 64D379491526FD3500DA794B /* Pot_CalculatorViewController.xib */; };
/* End PBXBuildFile section */

/* Begin PBXFileReference section */
		45A2DE1E152C4A0200BF80F3 /* MyCardsView.h */ = {isa = PBXFileReference; fileEncoding = 4; lastKnownFileType = sourcecode.c.h; path = MyCardsView.h; sourceTree = "<group>"; };
		45A2DE1F152C4A0200BF80F3 /* MyCardsView.m */ = {isa = PBXFileReference; fileEncoding = 4; lastKnownFileType = sourcecode.c.objc; path = MyCardsView.m; sourceTree = "<group>"; };
		6415D32D153C9F3400974FBB /* 2Carreau.png */ = {isa = PBXFileReference; lastKnownFileType = image.png; path = 2Carreau.png; sourceTree = "<group>"; };
		6415D32E153C9F3400974FBB /* 2Carreau@2x.png */ = {isa = PBXFileReference; lastKnownFileType = image.png; path = "2Carreau@2x.png"; sourceTree = "<group>"; };
		6415D32F153C9F3400974FBB /* 2Coeur.png */ = {isa = PBXFileReference; lastKnownFileType = image.png; path = 2Coeur.png; sourceTree = "<group>"; };
		6415D330153C9F3400974FBB /* 2Coeur@2x.png */ = {isa = PBXFileReference; lastKnownFileType = image.png; path = "2Coeur@2x.png"; sourceTree = "<group>"; };
		6415D331153C9F3400974FBB /* 2Pique.png */ = {isa = PBXFileReference; lastKnownFileType = image.png; path = 2Pique.png; sourceTree = "<group>"; };
		6415D332153C9F3400974FBB /* 2Pique@2x.png */ = {isa = PBXFileReference; lastKnownFileType = image.png; path = "2Pique@2x.png"; sourceTree = "<group>"; };
		6415D333153C9F3400974FBB /* 2Trefle.png */ = {isa = PBXFileReference; lastKnownFileType = image.png; path = 2Trefle.png; sourceTree = "<group>"; };
		6415D334153C9F3400974FBB /* 2Trefle@2x.png */ = {isa = PBXFileReference; lastKnownFileType = image.png; path = "2Trefle@2x.png"; sourceTree = "<group>"; };
		6415D335153C9F3400974FBB /* 3Carreau.png */ = {isa = PBXFileReference; lastKnownFileType = image.png; path = 3Carreau.png; sourceTree = "<group>"; };
		6415D336153C9F3400974FBB /* 3Carreau@2x.png */ = {isa = PBXFileReference; lastKnownFileType = image.png; path = "3Carreau@2x.png"; sourceTree = "<group>"; };
		6415D337153C9F3400974FBB /* 3Coeur.png */ = {isa = PBXFileReference; lastKnownFileType = image.png; path = 3Coeur.png; sourceTree = "<group>"; };
		6415D338153C9F3400974FBB /* 3Coeur@2x.png */ = {isa = PBXFileReference; lastKnownFileType = image.png; path = "3Coeur@2x.png"; sourceTree = "<group>"; };
		6415D339153C9F3400974FBB /* 3Pique.png */ = {isa = PBXFileReference; lastKnownFileType = image.png; path = 3Pique.png; sourceTree = "<group>"; };
		6415D33A153C9F3400974FBB /* 3Pique@2x.png */ = {isa = PBXFileReference; lastKnownFileType = image.png; path = "3Pique@2x.png"; sourceTree = "<group>"; };
		6415D33B153C9F3400974FBB /* 3Trefle.png */ = {isa = PBXFileReference; lastKnownFileType = image.png; path = 3Trefle.png; sourceTree = "<group>"; };
		6415D33C153C9F3400974FBB /* 3Trefle@2x.png */ = {isa = PBXFileReference; lastKnownFileType = image.png; path = "3Trefle@2x.png"; sourceTree = "<group>"; };
		6415D33D153C9F3400974FBB /* 4Carreau.png */ = {isa = PBXFileReference; lastKnownFileType = image.png; path = 4Carreau.png; sourceTree = "<group>"; };
		6415D33E153C9F3400974FBB /* 4Carreau@2x.png */ = {isa = PBXFileReference; lastKnownFileType = image.png; path = "4Carreau@2x.png"; sourceTree = "<group>"; };
		6415D33F153C9F3400974FBB /* 4Coeur.png */ = {isa = PBXFileReference; lastKnownFileType = image.png; path = 4Coeur.png; sourceTree = "<group>"; };
		6415D340153C9F3400974FBB /* 4Coeur@2x.png */ = {isa = PBXFileReference; lastKnownFileType = image.png; path = "4Coeur@2x.png"; sourceTree = "<group>"; };
		6415D341153C9F3400974FBB /* 4Pique.png */ = {isa = PBXFileReference; lastKnownFileType = image.png; path = 4Pique.png; sourceTree = "<group>"; };
		6415D342153C9F3400974FBB /* 4Pique@2x.png */ = {isa = PBXFileReference; lastKnownFileType = image.png; path = "4Pique@2x.png"; sourceTree = "<group>"; };
		6415D343153C9F3400974FBB /* 4Trefle.png */ = {isa = PBXFileReference; lastKnownFileType = image.png; path = 4Trefle.png; sourceTree = "<group>"; };
		6415D344153C9F3400974FBB /* 4Trefle@2x.png */ = {isa = PBXFileReference; lastKnownFileType = image.png; path = "4Trefle@2x.png"; sourceTree = "<group>"; };
		6415D345153C9F3400974FBB /* 5Carreau.png */ = {isa = PBXFileReference; lastKnownFileType = image.png; path = 5Carreau.png; sourceTree = "<group>"; };
		6415D346153C9F3400974FBB /* 5Carreau@2x.png */ = {isa = PBXFileReference; lastKnownFileType = image.png; path = "5Carreau@2x.png"; sourceTree = "<group>"; };
		6415D347153C9F3400974FBB /* 5Coeur.png */ = {isa = PBXFileReference; lastKnownFileType = image.png; path = 5Coeur.png; sourceTree = "<group>"; };
		6415D348153C9F3400974FBB /* 5Coeur@2x.png */ = {isa = PBXFileReference; lastKnownFileType = image.png; path = "5Coeur@2x.png"; sourceTree = "<group>"; };
		6415D349153C9F3400974FBB /* 5Pique.png */ = {isa = PBXFileReference; lastKnownFileType = image.png; path = 5Pique.png; sourceTree = "<group>"; };
		6415D34A153C9F3400974FBB /* 5Pique@2x.png */ = {isa = PBXFileReference; lastKnownFileType = image.png; path = "5Pique@2x.png"; sourceTree = "<group>"; };
		6415D34B153C9F3400974FBB /* 5Trefle.png */ = {isa = PBXFileReference; lastKnownFileType = image.png; path = 5Trefle.png; sourceTree = "<group>"; };
		6415D34C153C9F3400974FBB /* 5Trefle@2x.png */ = {isa = PBXFileReference; lastKnownFileType = image.png; path = "5Trefle@2x.png"; sourceTree = "<group>"; };
		6415D34D153C9F3400974FBB /* 6Carreau.png */ = {isa = PBXFileReference; lastKnownFileType = image.png; path = 6Carreau.png; sourceTree = "<group>"; };
		6415D34E153C9F3400974FBB /* 6Carreau@2x.png */ = {isa = PBXFileReference; lastKnownFileType = image.png; path = "6Carreau@2x.png"; sourceTree = "<group>"; };
		6415D34F153C9F3400974FBB /* 6Coeur.png */ = {isa = PBXFileReference; lastKnownFileType = image.png; path = 6Coeur.png; sourceTree = "<group>"; };
		6415D350153C9F3400974FBB /* 6Coeur@2x.png */ = {isa = PBXFileReference; lastKnownFileType = image.png; path = "6Coeur@2x.png"; sourceTree = "<group>"; };
		6415D351153C9F3400974FBB /* 6Pique.png */ = {isa = PBXFileReference; lastKnownFileType = image.png; path = 6Pique.png; sourceTree = "<group>"; };
		6415D352153C9F3400974FBB /* 6Pique@2x.png */ = {isa = PBXFileReference; lastKnownFileType = image.png; path = "6Pique@2x.png"; sourceTree = "<group>"; };
		6415D353153C9F3400974FBB /* 6Trefle.png */ = {isa = PBXFileReference; lastKnownFileType = image.png; path = 6Trefle.png; sourceTree = "<group>"; };
		6415D354153C9F3400974FBB /* 6Trefle@2x.png */ = {isa = PBXFileReference; lastKnownFileType = image.png; path = "6Trefle@2x.png"; sourceTree = "<group>"; };
		6415D355153C9F3400974FBB /* 7Carreau.png */ = {isa = PBXFileReference; lastKnownFileType = image.png; path = 7Carreau.png; sourceTree = "<group>"; };
		6415D356153C9F3400974FBB /* 7Carreau@2x.png */ = {isa = PBXFileReference; lastKnownFileType = image.png; path = "7Carreau@2x.png"; sourceTree = "<group>"; };
		6415D357153C9F3400974FBB /* 7Coeur.png */ = {isa = PBXFileReference; lastKnownFileType = image.png; path = 7Coeur.png; sourceTree = "<group>"; };
		6415D358153C9F3400974FBB /* 7Coeur@2x.png */ = {isa = PBXFileReference; lastKnownFileType = image.png; path = "7Coeur@2x.png"; sourceTree = "<group>"; };
		6415D359153C9F3400974FBB /* 7Pique.png */ = {isa = PBXFileReference; lastKnownFileType = image.png; path = 7Pique.png; sourceTree = "<group>"; };
		6415D35A153C9F3400974FBB /* 7Pique@2x.png */ = {isa = PBXFileReference; lastKnownFileType = image.png; path = "7Pique@2x.png"; sourceTree = "<group>"; };
		6415D35B153C9F3400974FBB /* 7Trefle.png */ = {isa = PBXFileReference; lastKnownFileType = image.png; path = 7Trefle.png; sourceTree = "<group>"; };
		6415D35C153C9F3400974FBB /* 7Trefle@2x.png */ = {isa = PBXFileReference; lastKnownFileType = image.png; path = "7Trefle@2x.png"; sourceTree = "<group>"; };
		6415D35D153C9F3400974FBB /* 8Carreau.png */ = {isa = PBXFileReference; lastKnownFileType = image.png; path = 8Carreau.png; sourceTree = "<group>"; };
		6415D35E153C9F3400974FBB /* 8Carreau@2x.png */ = {isa = PBXFileReference; lastKnownFileType = image.png; path = "8Carreau@2x.png"; sourceTree = "<group>"; };
		6415D35F153C9F3400974FBB /* 8Coeur.png */ = {isa = PBXFileReference; lastKnownFileType = image.png; path = 8Coeur.png; sourceTree = "<group>"; };
		6415D360153C9F3400974FBB /* 8Coeur@2x.png */ = {isa = PBXFileReference; lastKnownFileType = image.png; path = "8Coeur@2x.png"; sourceTree = "<group>"; };
		6415D361153C9F3400974FBB /* 8Pique.png */ = {isa = PBXFileReference; lastKnownFileType = image.png; path = 8Pique.png; sourceTree = "<group>"; };
		6415D362153C9F3400974FBB /* 8Pique@2x.png */ = {isa = PBXFileReference; lastKnownFileType = image.png; path = "8Pique@2x.png"; sourceTree = "<group>"; };
		6415D363153C9F3400974FBB /* 8Trefle.png */ = {isa = PBXFileReference; lastKnownFileType = image.png; path = 8Trefle.png; sourceTree = "<group>"; };
		6415D364153C9F3400974FBB /* 8Trefle@2x.png */ = {isa = PBXFileReference; lastKnownFileType = image.png; path = "8Trefle@2x.png"; sourceTree = "<group>"; };
		6415D365153C9F3400974FBB /* 9Carreau.png */ = {isa = PBXFileReference; lastKnownFileType = image.png; path = 9Carreau.png; sourceTree = "<group>"; };
		6415D366153C9F3400974FBB /* 9Carreau@2x.png */ = {isa = PBXFileReference; lastKnownFileType = image.png; path = "9Carreau@2x.png"; sourceTree = "<group>"; };
		6415D367153C9F3400974FBB /* 9Coeur.png */ = {isa = PBXFileReference; lastKnownFileType = image.png; path = 9Coeur.png; sourceTree = "<group>"; };
		6415D368153C9F3400974FBB /* 9Coeur@2x.png */ = {isa = PBXFileReference; lastKnownFileType = image.png; path = "9Coeur@2x.png"; sourceTree = "<group>"; };
		6415D369153C9F3400974FBB /* 9Pique.png */ = {isa = PBXFileReference; lastKnownFileType = image.png; path = 9Pique.png; sourceTree = "<group>"; };
		6415D36A153C9F3400974FBB /* 9Pique@2x.png */ = {isa = PBXFileReference; lastKnownFileType = image.png; path = "9Pique@2x.png"; sourceTree = "<group>"; };
		6415D36B153C9F3400974FBB /* 9Trefle.png */ = {isa = PBXFileReference; lastKnownFileType = image.png; path = 9Trefle.png; sourceTree = "<group>"; };
		6415D36C153C9F3400974FBB /* 9Trefle@2x.png */ = {isa = PBXFileReference; lastKnownFileType = image.png; path = "9Trefle@2x.png"; sourceTree = "<group>"; };
		6415D36D153C9F3400974FBB /* 10Carreau.png */ = {isa = PBXFileReference; lastKnownFileType = image.png; path = 10Carreau.png; sourceTree = "<group>"; };
		6415D36E153C9F3400974FBB /* 10Carreau@2x.png */ = {isa = PBXFileReference; lastKnownFileType = image.png; path = "10Carreau@2x.png"; sourceTree = "<group>"; };
		6415D36F153C9F3400974FBB /* 10Coeur.png */ = {isa = PBXFileReference; lastKnownFileType = image.png; path = 10Coeur.png; sourceTree = "<group>"; };
		6415D370153C9F3400974FBB /* 10Coeur@2x.png */ = {isa = PBXFileReference; lastKnownFileType = image.png; path = "10Coeur@2x.png"; sourceTree = "<group>"; };
		6415D371153C9F3400974FBB /* 10Pique.png */ = {isa = PBXFileReference; lastKnownFileType = image.png; path = 10Pique.png; sourceTree = "<group>"; };
		6415D372153C9F3400974FBB /* 10Pique@2x.png */ = {isa = PBXFileReference; lastKnownFileType = image.png; path = "10Pique@2x.png"; sourceTree = "<group>"; };
		6415D373153C9F3400974FBB /* 10Trefle.png */ = {isa = PBXFileReference; lastKnownFileType = image.png; path = 10Trefle.png; sourceTree = "<group>"; };
		6415D374153C9F3400974FBB /* 10Trefle@2x.png */ = {isa = PBXFileReference; lastKnownFileType = image.png; path = "10Trefle@2x.png"; sourceTree = "<group>"; };
		6415D375153C9F3400974FBB /* asCarreau.png */ = {isa = PBXFileReference; lastKnownFileType = image.png; path = asCarreau.png; sourceTree = "<group>"; };
		6415D376153C9F3400974FBB /* asCarreau@2x.png */ = {isa = PBXFileReference; lastKnownFileType = image.png; path = "asCarreau@2x.png"; sourceTree = "<group>"; };
		6415D377153C9F3400974FBB /* asCoeur.png */ = {isa = PBXFileReference; lastKnownFileType = image.png; path = asCoeur.png; sourceTree = "<group>"; };
		6415D378153C9F3400974FBB /* asCoeur@2x.png */ = {isa = PBXFileReference; lastKnownFileType = image.png; path = "asCoeur@2x.png"; sourceTree = "<group>"; };
		6415D379153C9F3400974FBB /* asPique.png */ = {isa = PBXFileReference; lastKnownFileType = image.png; path = asPique.png; sourceTree = "<group>"; };
		6415D37A153C9F3400974FBB /* asPique@2x.png */ = {isa = PBXFileReference; lastKnownFileType = image.png; path = "asPique@2x.png"; sourceTree = "<group>"; };
		6415D37B153C9F3400974FBB /* asTrefle.png */ = {isa = PBXFileReference; lastKnownFileType = image.png; path = asTrefle.png; sourceTree = "<group>"; };
		6415D37C153C9F3400974FBB /* asTrefle@2x.png */ = {isa = PBXFileReference; lastKnownFileType = image.png; path = "asTrefle@2x.png"; sourceTree = "<group>"; };
		6415D37D153C9F3400974FBB /* backgroundcartes.jpg */ = {isa = PBXFileReference; lastKnownFileType = image.jpeg; path = backgroundcartes.jpg; sourceTree = "<group>"; };
		6415D37E153C9F3400974FBB /* cancel.png */ = {isa = PBXFileReference; lastKnownFileType = image.png; path = cancel.png; sourceTree = "<group>"; };
		6415D37F153C9F3400974FBB /* dameCarreau.png */ = {isa = PBXFileReference; lastKnownFileType = image.png; path = dameCarreau.png; sourceTree = "<group>"; };
		6415D380153C9F3400974FBB /* dameCarreau@2x.png */ = {isa = PBXFileReference; lastKnownFileType = image.png; path = "dameCarreau@2x.png"; sourceTree = "<group>"; };
		6415D381153C9F3400974FBB /* dameCoeur.png */ = {isa = PBXFileReference; lastKnownFileType = image.png; path = dameCoeur.png; sourceTree = "<group>"; };
		6415D382153C9F3400974FBB /* dameCoeur@2x.png */ = {isa = PBXFileReference; lastKnownFileType = image.png; path = "dameCoeur@2x.png"; sourceTree = "<group>"; };
		6415D383153C9F3400974FBB /* damePique.png */ = {isa = PBXFileReference; lastKnownFileType = image.png; path = damePique.png; sourceTree = "<group>"; };
		6415D384153C9F3400974FBB /* damePique@2x.png */ = {isa = PBXFileReference; lastKnownFileType = image.png; path = "damePique@2x.png"; sourceTree = "<group>"; };
		6415D385153C9F3400974FBB /* dameTrefle.png */ = {isa = PBXFileReference; lastKnownFileType = image.png; path = dameTrefle.png; sourceTree = "<group>"; };
		6415D386153C9F3400974FBB /* dameTrefle@2x.png */ = {isa = PBXFileReference; lastKnownFileType = image.png; path = "dameTrefle@2x.png"; sourceTree = "<group>"; };
		6415D387153C9F3400974FBB /* done.png */ = {isa = PBXFileReference; lastKnownFileType = image.png; path = done.png; sourceTree = "<group>"; };
		6415D388153C9F3400974FBB /* dos.png */ = {isa = PBXFileReference; lastKnownFileType = image.png; path = dos.png; sourceTree = "<group>"; };
		6415D389153C9F3400974FBB /* dos@2x.png */ = {isa = PBXFileReference; lastKnownFileType = image.png; path = "dos@2x.png"; sourceTree = "<group>"; };
		6415D3E7153C9F4700974FBB /* roiCarreau.png */ = {isa = PBXFileReference; lastKnownFileType = image.png; path = roiCarreau.png; sourceTree = "<group>"; };
		6415D3E8153C9F4700974FBB /* roiCarreau@2x.png */ = {isa = PBXFileReference; lastKnownFileType = image.png; path = "roiCarreau@2x.png"; sourceTree = "<group>"; };
		6415D3E9153C9F4700974FBB /* roiCoeur.png */ = {isa = PBXFileReference; lastKnownFileType = image.png; path = roiCoeur.png; sourceTree = "<group>"; };
		6415D3EA153C9F4700974FBB /* roiCoeur@2x.png */ = {isa = PBXFileReference; lastKnownFileType = image.png; path = "roiCoeur@2x.png"; sourceTree = "<group>"; };
		6415D3EB153C9F4700974FBB /* roiPique.png */ = {isa = PBXFileReference; lastKnownFileType = image.png; path = roiPique.png; sourceTree = "<group>"; };
		6415D3EC153C9F4700974FBB /* roiPique@2x.png */ = {isa = PBXFileReference; lastKnownFileType = image.png; path = "roiPique@2x.png"; sourceTree = "<group>"; };
		6415D3ED153C9F4700974FBB /* roiTrefle.png */ = {isa = PBXFileReference; lastKnownFileType = image.png; path = roiTrefle.png; sourceTree = "<group>"; };
		6415D3EE153C9F4700974FBB /* roiTrefle@2x.png */ = {isa = PBXFileReference; lastKnownFileType = image.png; path = "roiTrefle@2x.png"; sourceTree = "<group>"; };
		6415D3EF153C9F4700974FBB /* valetCarreau@.png */ = {isa = PBXFileReference; lastKnownFileType = image.png; path = "valetCarreau@.png"; sourceTree = "<group>"; };
		6415D3F0153C9F4700974FBB /* valetCarreau@2x.png */ = {isa = PBXFileReference; lastKnownFileType = image.png; path = "valetCarreau@2x.png"; sourceTree = "<group>"; };
		6415D3F1153C9F4700974FBB /* valetCoeur.png */ = {isa = PBXFileReference; lastKnownFileType = image.png; path = valetCoeur.png; sourceTree = "<group>"; };
		6415D3F2153C9F4700974FBB /* valetCoeur@2x.png */ = {isa = PBXFileReference; lastKnownFileType = image.png; path = "valetCoeur@2x.png"; sourceTree = "<group>"; };
		6415D3F3153C9F4700974FBB /* valetPique.png */ = {isa = PBXFileReference; lastKnownFileType = image.png; path = valetPique.png; sourceTree = "<group>"; };
		6415D3F4153C9F4700974FBB /* valetPique@2x.png */ = {isa = PBXFileReference; lastKnownFileType = image.png; path = "valetPique@2x.png"; sourceTree = "<group>"; };
		6415D3F5153C9F4700974FBB /* valetTrefle.png */ = {isa = PBXFileReference; lastKnownFileType = image.png; path = valetTrefle.png; sourceTree = "<group>"; };
		6415D3F6153C9F4700974FBB /* valetTrefle@2x.png */ = {isa = PBXFileReference; lastKnownFileType = image.png; path = "valetTrefle@2x.png"; sourceTree = "<group>"; };
		64346DAE152B52C700E54225 /* Pot_CalculatorSecondPageViewController.h */ = {isa = PBXFileReference; fileEncoding = 4; lastKnownFileType = sourcecode.c.h; path = Pot_CalculatorSecondPageViewController.h; sourceTree = "<group>"; };
		64346DAF152B52C700E54225 /* Pot_CalculatorSecondPageViewController.m */ = {isa = PBXFileReference; fileEncoding = 4; lastKnownFileType = sourcecode.c.objc; path = Pot_CalculatorSecondPageViewController.m; sourceTree = "<group>"; };
		64346DB0152B52C700E54225 /* Pot_CalculatorSecondPageViewController.xib */ = {isa = PBXFileReference; fileEncoding = 4; lastKnownFileType = file.xib; path = Pot_CalculatorSecondPageViewController.xib; sourceTree = "<group>"; };
		64346DB8152C1E4300E54225 /* Pot_CalculatorThirdPageViewController.h */ = {isa = PBXFileReference; fileEncoding = 4; lastKnownFileType = sourcecode.c.h; path = Pot_CalculatorThirdPageViewController.h; sourceTree = "<group>"; };
		64346DB9152C1E4300E54225 /* Pot_CalculatorThirdPageViewController.m */ = {isa = PBXFileReference; fileEncoding = 4; lastKnownFileType = sourcecode.c.objc; path = Pot_CalculatorThirdPageViewController.m; sourceTree = "<group>"; };
		64346DBA152C1E4300E54225 /* Pot_CalculatorThirdPageViewController.xib */ = {isa = PBXFileReference; fileEncoding = 4; lastKnownFileType = file.xib; path = Pot_CalculatorThirdPageViewController.xib; sourceTree = "<group>"; };
		64851418153A0FE8000DF1C9 /* Carte.h */ = {isa = PBXFileReference; fileEncoding = 4; lastKnownFileType = sourcecode.c.h; path = Carte.h; sourceTree = "<group>"; };
		64851419153A0FE8000DF1C9 /* Carte.m */ = {isa = PBXFileReference; fileEncoding = 4; lastKnownFileType = sourcecode.c.objc; path = Carte.m; sourceTree = "<group>"; };
		649F2551152C51A70050E4D5 /* Pot_Calculator_Brain.h */ = {isa = PBXFileReference; fileEncoding = 4; lastKnownFileType = sourcecode.c.h; path = Pot_Calculator_Brain.h; sourceTree = "<group>"; };
		649F2552152C51A70050E4D5 /* Pot_Calculator_Brain.m */ = {isa = PBXFileReference; fileEncoding = 4; lastKnownFileType = sourcecode.c.objc; path = Pot_Calculator_Brain.m; sourceTree = "<group>"; };
		64ACFBD4152C36A400098A01 /* IIViewDeckController.h */ = {isa = PBXFileReference; fileEncoding = 4; lastKnownFileType = sourcecode.c.h; path = IIViewDeckController.h; sourceTree = "<group>"; };
		64ACFBD5152C36A400098A01 /* IIViewDeckController.m */ = {isa = PBXFileReference; fileEncoding = 4; lastKnownFileType = sourcecode.c.objc; path = IIViewDeckController.m; sourceTree = "<group>"; };
		64ACFBD6152C36A400098A01 /* WrapController.h */ = {isa = PBXFileReference; fileEncoding = 4; lastKnownFileType = sourcecode.c.h; path = WrapController.h; sourceTree = "<group>"; };
		64ACFBD7152C36A400098A01 /* WrapController.m */ = {isa = PBXFileReference; fileEncoding = 4; lastKnownFileType = sourcecode.c.objc; path = WrapController.m; sourceTree = "<group>"; };
		64D379301526FD3500DA794B /* Calculateur-de-Pot.app */ = {isa = PBXFileReference; explicitFileType = wrapper.application; includeInIndex = 0; path = "Calculateur-de-Pot.app"; sourceTree = BUILT_PRODUCTS_DIR; };
		64D379341526FD3500DA794B /* UIKit.framework */ = {isa = PBXFileReference; lastKnownFileType = wrapper.framework; name = UIKit.framework; path = System/Library/Frameworks/UIKit.framework; sourceTree = SDKROOT; };
		64D379361526FD3500DA794B /* Foundation.framework */ = {isa = PBXFileReference; lastKnownFileType = wrapper.framework; name = Foundation.framework; path = System/Library/Frameworks/Foundation.framework; sourceTree = SDKROOT; };
		64D379381526FD3500DA794B /* CoreGraphics.framework */ = {isa = PBXFileReference; lastKnownFileType = wrapper.framework; name = CoreGraphics.framework; path = System/Library/Frameworks/CoreGraphics.framework; sourceTree = SDKROOT; };
		64D3793C1526FD3500DA794B /* Calculateur-de-Pot-Info.plist */ = {isa = PBXFileReference; lastKnownFileType = text.plist.xml; path = "Calculateur-de-Pot-Info.plist"; sourceTree = "<group>"; };
		64D3793E1526FD3500DA794B /* en */ = {isa = PBXFileReference; lastKnownFileType = text.plist.strings; name = en; path = en.lproj/InfoPlist.strings; sourceTree = "<group>"; };
		64D379401526FD3500DA794B /* main.m */ = {isa = PBXFileReference; lastKnownFileType = sourcecode.c.objc; path = main.m; sourceTree = "<group>"; };
		64D379421526FD3500DA794B /* Calculateur-de-Pot-Prefix.pch */ = {isa = PBXFileReference; lastKnownFileType = sourcecode.c.h; path = "Calculateur-de-Pot-Prefix.pch"; sourceTree = "<group>"; };
		64D379431526FD3500DA794B /* Pot_CalculatorAppDelegate.h */ = {isa = PBXFileReference; lastKnownFileType = sourcecode.c.h; path = Pot_CalculatorAppDelegate.h; sourceTree = "<group>"; };
		64D379441526FD3500DA794B /* Pot_CalculatorAppDelegate.m */ = {isa = PBXFileReference; lastKnownFileType = sourcecode.c.objc; path = Pot_CalculatorAppDelegate.m; sourceTree = "<group>"; };
		64D379461526FD3500DA794B /* Pot_CalculatorViewController.h */ = {isa = PBXFileReference; lastKnownFileType = sourcecode.c.h; path = Pot_CalculatorViewController.h; sourceTree = "<group>"; };
		64D379471526FD3500DA794B /* Pot_CalculatorViewController.m */ = {isa = PBXFileReference; lastKnownFileType = sourcecode.c.objc; path = Pot_CalculatorViewController.m; sourceTree = "<group>"; };
		64D3794A1526FD3500DA794B /* en */ = {isa = PBXFileReference; lastKnownFileType = file.xib; name = en; path = en.lproj/Pot_CalculatorViewController.xib; sourceTree = "<group>"; };
/* End PBXFileReference section */

/* Begin PBXFrameworksBuildPhase section */
		64D3792D1526FD3500DA794B /* Frameworks */ = {
			isa = PBXFrameworksBuildPhase;
			buildActionMask = 2147483647;
			files = (
				64D379351526FD3500DA794B /* UIKit.framework in Frameworks */,
				64D379371526FD3500DA794B /* Foundation.framework in Frameworks */,
				64D379391526FD3500DA794B /* CoreGraphics.framework in Frameworks */,
			);
			runOnlyForDeploymentPostprocessing = 0;
		};
/* End PBXFrameworksBuildPhase section */

/* Begin PBXGroup section */
		45A2DE1B152C44F400BF80F3 /* images */ = {
			isa = PBXGroup;
			children = (
				6415D32D153C9F3400974FBB /* 2Carreau.png */,
				6415D32E153C9F3400974FBB /* 2Carreau@2x.png */,
				6415D32F153C9F3400974FBB /* 2Coeur.png */,
				6415D330153C9F3400974FBB /* 2Coeur@2x.png */,
				6415D331153C9F3400974FBB /* 2Pique.png */,
				6415D332153C9F3400974FBB /* 2Pique@2x.png */,
				6415D333153C9F3400974FBB /* 2Trefle.png */,
				6415D334153C9F3400974FBB /* 2Trefle@2x.png */,
				6415D335153C9F3400974FBB /* 3Carreau.png */,
				6415D336153C9F3400974FBB /* 3Carreau@2x.png */,
				6415D337153C9F3400974FBB /* 3Coeur.png */,
				6415D338153C9F3400974FBB /* 3Coeur@2x.png */,
				6415D339153C9F3400974FBB /* 3Pique.png */,
				6415D33A153C9F3400974FBB /* 3Pique@2x.png */,
				6415D33B153C9F3400974FBB /* 3Trefle.png */,
				6415D33C153C9F3400974FBB /* 3Trefle@2x.png */,
				6415D33D153C9F3400974FBB /* 4Carreau.png */,
				6415D33E153C9F3400974FBB /* 4Carreau@2x.png */,
				6415D33F153C9F3400974FBB /* 4Coeur.png */,
				6415D340153C9F3400974FBB /* 4Coeur@2x.png */,
				6415D341153C9F3400974FBB /* 4Pique.png */,
				6415D342153C9F3400974FBB /* 4Pique@2x.png */,
				6415D343153C9F3400974FBB /* 4Trefle.png */,
				6415D344153C9F3400974FBB /* 4Trefle@2x.png */,
				6415D345153C9F3400974FBB /* 5Carreau.png */,
				6415D346153C9F3400974FBB /* 5Carreau@2x.png */,
				6415D347153C9F3400974FBB /* 5Coeur.png */,
				6415D348153C9F3400974FBB /* 5Coeur@2x.png */,
				6415D349153C9F3400974FBB /* 5Pique.png */,
				6415D34A153C9F3400974FBB /* 5Pique@2x.png */,
				6415D34B153C9F3400974FBB /* 5Trefle.png */,
				6415D34C153C9F3400974FBB /* 5Trefle@2x.png */,
				6415D34D153C9F3400974FBB /* 6Carreau.png */,
				6415D34E153C9F3400974FBB /* 6Carreau@2x.png */,
				6415D34F153C9F3400974FBB /* 6Coeur.png */,
				6415D350153C9F3400974FBB /* 6Coeur@2x.png */,
				6415D351153C9F3400974FBB /* 6Pique.png */,
				6415D352153C9F3400974FBB /* 6Pique@2x.png */,
				6415D353153C9F3400974FBB /* 6Trefle.png */,
				6415D354153C9F3400974FBB /* 6Trefle@2x.png */,
				6415D355153C9F3400974FBB /* 7Carreau.png */,
				6415D356153C9F3400974FBB /* 7Carreau@2x.png */,
				6415D357153C9F3400974FBB /* 7Coeur.png */,
				6415D358153C9F3400974FBB /* 7Coeur@2x.png */,
				6415D359153C9F3400974FBB /* 7Pique.png */,
				6415D35A153C9F3400974FBB /* 7Pique@2x.png */,
				6415D35B153C9F3400974FBB /* 7Trefle.png */,
				6415D35C153C9F3400974FBB /* 7Trefle@2x.png */,
				6415D35D153C9F3400974FBB /* 8Carreau.png */,
				6415D35E153C9F3400974FBB /* 8Carreau@2x.png */,
				6415D35F153C9F3400974FBB /* 8Coeur.png */,
				6415D360153C9F3400974FBB /* 8Coeur@2x.png */,
				6415D361153C9F3400974FBB /* 8Pique.png */,
				6415D362153C9F3400974FBB /* 8Pique@2x.png */,
				6415D363153C9F3400974FBB /* 8Trefle.png */,
				6415D364153C9F3400974FBB /* 8Trefle@2x.png */,
				6415D365153C9F3400974FBB /* 9Carreau.png */,
				6415D366153C9F3400974FBB /* 9Carreau@2x.png */,
				6415D367153C9F3400974FBB /* 9Coeur.png */,
				6415D368153C9F3400974FBB /* 9Coeur@2x.png */,
				6415D369153C9F3400974FBB /* 9Pique.png */,
				6415D36A153C9F3400974FBB /* 9Pique@2x.png */,
				6415D36B153C9F3400974FBB /* 9Trefle.png */,
				6415D36C153C9F3400974FBB /* 9Trefle@2x.png */,
				6415D36D153C9F3400974FBB /* 10Carreau.png */,
				6415D36E153C9F3400974FBB /* 10Carreau@2x.png */,
				6415D36F153C9F3400974FBB /* 10Coeur.png */,
				6415D370153C9F3400974FBB /* 10Coeur@2x.png */,
				6415D371153C9F3400974FBB /* 10Pique.png */,
				6415D372153C9F3400974FBB /* 10Pique@2x.png */,
				6415D373153C9F3400974FBB /* 10Trefle.png */,
				6415D374153C9F3400974FBB /* 10Trefle@2x.png */,
				6415D375153C9F3400974FBB /* asCarreau.png */,
				6415D376153C9F3400974FBB /* asCarreau@2x.png */,
				6415D377153C9F3400974FBB /* asCoeur.png */,
				6415D378153C9F3400974FBB /* asCoeur@2x.png */,
				6415D379153C9F3400974FBB /* asPique.png */,
				6415D37A153C9F3400974FBB /* asPique@2x.png */,
				6415D37B153C9F3400974FBB /* asTrefle.png */,
				6415D37C153C9F3400974FBB /* asTrefle@2x.png */,
				6415D37D153C9F3400974FBB /* backgroundcartes.jpg */,
				6415D37E153C9F3400974FBB /* cancel.png */,
				6415D37F153C9F3400974FBB /* dameCarreau.png */,
				6415D380153C9F3400974FBB /* dameCarreau@2x.png */,
				6415D381153C9F3400974FBB /* dameCoeur.png */,
				6415D382153C9F3400974FBB /* dameCoeur@2x.png */,
				6415D383153C9F3400974FBB /* damePique.png */,
				6415D384153C9F3400974FBB /* damePique@2x.png */,
				6415D385153C9F3400974FBB /* dameTrefle.png */,
				6415D386153C9F3400974FBB /* dameTrefle@2x.png */,
				6415D387153C9F3400974FBB /* done.png */,
				6415D388153C9F3400974FBB /* dos.png */,
				6415D389153C9F3400974FBB /* dos@2x.png */,
				6415D3E7153C9F4700974FBB /* roiCarreau.png */,
				6415D3E8153C9F4700974FBB /* roiCarreau@2x.png */,
				6415D3E9153C9F4700974FBB /* roiCoeur.png */,
				6415D3EA153C9F4700974FBB /* roiCoeur@2x.png */,
				6415D3EB153C9F4700974FBB /* roiPique.png */,
				6415D3EC153C9F4700974FBB /* roiPique@2x.png */,
				6415D3ED153C9F4700974FBB /* roiTrefle.png */,
				6415D3EE153C9F4700974FBB /* roiTrefle@2x.png */,
				6415D3EF153C9F4700974FBB /* valetCarreau@.png */,
				6415D3F0153C9F4700974FBB /* valetCarreau@2x.png */,
				6415D3F1153C9F4700974FBB /* valetCoeur.png */,
				6415D3F2153C9F4700974FBB /* valetCoeur@2x.png */,
				6415D3F3153C9F4700974FBB /* valetPique.png */,
				6415D3F4153C9F4700974FBB /* valetPique@2x.png */,
				6415D3F5153C9F4700974FBB /* valetTrefle.png */,
				6415D3F6153C9F4700974FBB /* valetTrefle@2x.png */,
			);
			name = images;
			sourceTree = "<group>";
		};
		64346DB3152B52E600E54225 /* dependances */ = {
			isa = PBXGroup;
			children = (
				64ACFBD4152C36A400098A01 /* IIViewDeckController.h */,
				64ACFBD5152C36A400098A01 /* IIViewDeckController.m */,
				64ACFBD6152C36A400098A01 /* WrapController.h */,
				64ACFBD7152C36A400098A01 /* WrapController.m */,
			);
			name = dependances;
			sourceTree = "<group>";
		};
		64D379251526FD3500DA794B = {
			isa = PBXGroup;
			children = (
				64D3793A1526FD3500DA794B /* Calculateur-de-Pot */,
				64D379331526FD3500DA794B /* Frameworks */,
				64D379311526FD3500DA794B /* Products */,
			);
			sourceTree = "<group>";
		};
		64D379311526FD3500DA794B /* Products */ = {
			isa = PBXGroup;
			children = (
				64D379301526FD3500DA794B /* Calculateur-de-Pot.app */,
			);
			name = Products;
			sourceTree = "<group>";
		};
		64D379331526FD3500DA794B /* Frameworks */ = {
			isa = PBXGroup;
			children = (
				64D379341526FD3500DA794B /* UIKit.framework */,
				64D379361526FD3500DA794B /* Foundation.framework */,
				64D379381526FD3500DA794B /* CoreGraphics.framework */,
			);
			name = Frameworks;
			sourceTree = "<group>";
		};
		64D3793A1526FD3500DA794B /* Calculateur-de-Pot */ = {
			isa = PBXGroup;
			children = (
				45A2DE1B152C44F400BF80F3 /* images */,
				64346DB3152B52E600E54225 /* dependances */,
				45A2DE1E152C4A0200BF80F3 /* MyCardsView.h */,
				45A2DE1F152C4A0200BF80F3 /* MyCardsView.m */,
				64D379431526FD3500DA794B /* Pot_CalculatorAppDelegate.h */,
				64D379441526FD3500DA794B /* Pot_CalculatorAppDelegate.m */,
				64D379461526FD3500DA794B /* Pot_CalculatorViewController.h */,
				64D379471526FD3500DA794B /* Pot_CalculatorViewController.m */,
				64D379491526FD3500DA794B /* Pot_CalculatorViewController.xib */,
				64346DAE152B52C700E54225 /* Pot_CalculatorSecondPageViewController.h */,
				64346DAF152B52C700E54225 /* Pot_CalculatorSecondPageViewController.m */,
				64346DB0152B52C700E54225 /* Pot_CalculatorSecondPageViewController.xib */,
				64346DB8152C1E4300E54225 /* Pot_CalculatorThirdPageViewController.h */,
				64346DB9152C1E4300E54225 /* Pot_CalculatorThirdPageViewController.m */,
				64346DBA152C1E4300E54225 /* Pot_CalculatorThirdPageViewController.xib */,
				649F2551152C51A70050E4D5 /* Pot_Calculator_Brain.h */,
				649F2552152C51A70050E4D5 /* Pot_Calculator_Brain.m */,
				64851418153A0FE8000DF1C9 /* Carte.h */,
				64851419153A0FE8000DF1C9 /* Carte.m */,
				64D3793B1526FD3500DA794B /* Supporting Files */,
			);
			path = "Calculateur-de-Pot";
			sourceTree = "<group>";
		};
		64D3793B1526FD3500DA794B /* Supporting Files */ = {
			isa = PBXGroup;
			children = (
				64D3793C1526FD3500DA794B /* Calculateur-de-Pot-Info.plist */,
				64D3793D1526FD3500DA794B /* InfoPlist.strings */,
				64D379401526FD3500DA794B /* main.m */,
				64D379421526FD3500DA794B /* Calculateur-de-Pot-Prefix.pch */,
			);
			name = "Supporting Files";
			sourceTree = "<group>";
		};
/* End PBXGroup section */

/* Begin PBXNativeTarget section */
		64D3792F1526FD3500DA794B /* Calculateur-de-Pot */ = {
			isa = PBXNativeTarget;
			buildConfigurationList = 64D3794E1526FD3500DA794B /* Build configuration list for PBXNativeTarget "Calculateur-de-Pot" */;
			buildPhases = (
				64D3792C1526FD3500DA794B /* Sources */,
				64D3792D1526FD3500DA794B /* Frameworks */,
				64D3792E1526FD3500DA794B /* Resources */,
			);
			buildRules = (
			);
			dependencies = (
			);
			name = "Calculateur-de-Pot";
			productName = "Calculateur-de-Pot";
			productReference = 64D379301526FD3500DA794B /* Calculateur-de-Pot.app */;
			productType = "com.apple.product-type.application";
		};
/* End PBXNativeTarget section */

/* Begin PBXProject section */
		64D379271526FD3500DA794B /* Project object */ = {
			isa = PBXProject;
			attributes = {
				CLASSPREFIX = "Pot-Calculator";
				LastUpgradeCheck = 0430;
				ORGANIZATIONNAME = UNSA;
			};
			buildConfigurationList = 64D3792A1526FD3500DA794B /* Build configuration list for PBXProject "Calculateur-de-Pot" */;
			compatibilityVersion = "Xcode 3.2";
			developmentRegion = English;
			hasScannedForEncodings = 0;
			knownRegions = (
				en,
			);
			mainGroup = 64D379251526FD3500DA794B;
			productRefGroup = 64D379311526FD3500DA794B /* Products */;
			projectDirPath = "";
			projectRoot = "";
			targets = (
				64D3792F1526FD3500DA794B /* Calculateur-de-Pot */,
			);
		};
/* End PBXProject section */

/* Begin PBXResourcesBuildPhase section */
		64D3792E1526FD3500DA794B /* Resources */ = {
			isa = PBXResourcesBuildPhase;
			buildActionMask = 2147483647;
			files = (
				64D3793F1526FD3500DA794B /* InfoPlist.strings in Resources */,
				64D3794B1526FD3500DA794B /* Pot_CalculatorViewController.xib in Resources */,
				64346DB2152B52C700E54225 /* Pot_CalculatorSecondPageViewController.xib in Resources */,
				64346DBC152C1E4300E54225 /* Pot_CalculatorThirdPageViewController.xib in Resources */,
				6415D38A153C9F3400974FBB /* 2Carreau.png in Resources */,
				6415D38B153C9F3400974FBB /* 2Carreau@2x.png in Resources */,
				6415D38C153C9F3400974FBB /* 2Coeur.png in Resources */,
				6415D38D153C9F3400974FBB /* 2Coeur@2x.png in Resources */,
				6415D38E153C9F3400974FBB /* 2Pique.png in Resources */,
				6415D38F153C9F3400974FBB /* 2Pique@2x.png in Resources */,
				6415D390153C9F3400974FBB /* 2Trefle.png in Resources */,
				6415D391153C9F3400974FBB /* 2Trefle@2x.png in Resources */,
				6415D392153C9F3400974FBB /* 3Carreau.png in Resources */,
				6415D393153C9F3400974FBB /* 3Carreau@2x.png in Resources */,
				6415D394153C9F3400974FBB /* 3Coeur.png in Resources */,
				6415D395153C9F3400974FBB /* 3Coeur@2x.png in Resources */,
				6415D396153C9F3400974FBB /* 3Pique.png in Resources */,
				6415D397153C9F3400974FBB /* 3Pique@2x.png in Resources */,
				6415D398153C9F3400974FBB /* 3Trefle.png in Resources */,
				6415D399153C9F3400974FBB /* 3Trefle@2x.png in Resources */,
				6415D39A153C9F3400974FBB /* 4Carreau.png in Resources */,
				6415D39B153C9F3400974FBB /* 4Carreau@2x.png in Resources */,
				6415D39C153C9F3400974FBB /* 4Coeur.png in Resources */,
				6415D39D153C9F3400974FBB /* 4Coeur@2x.png in Resources */,
				6415D39E153C9F3400974FBB /* 4Pique.png in Resources */,
				6415D39F153C9F3400974FBB /* 4Pique@2x.png in Resources */,
				6415D3A0153C9F3400974FBB /* 4Trefle.png in Resources */,
				6415D3A1153C9F3400974FBB /* 4Trefle@2x.png in Resources */,
				6415D3A2153C9F3400974FBB /* 5Carreau.png in Resources */,
				6415D3A3153C9F3400974FBB /* 5Carreau@2x.png in Resources */,
				6415D3A4153C9F3400974FBB /* 5Coeur.png in Resources */,
				6415D3A5153C9F3400974FBB /* 5Coeur@2x.png in Resources */,
				6415D3A6153C9F3400974FBB /* 5Pique.png in Resources */,
				6415D3A7153C9F3400974FBB /* 5Pique@2x.png in Resources */,
				6415D3A8153C9F3400974FBB /* 5Trefle.png in Resources */,
				6415D3A9153C9F3400974FBB /* 5Trefle@2x.png in Resources */,
				6415D3AA153C9F3400974FBB /* 6Carreau.png in Resources */,
				6415D3AB153C9F3400974FBB /* 6Carreau@2x.png in Resources */,
				6415D3AC153C9F3400974FBB /* 6Coeur.png in Resources */,
				6415D3AD153C9F3400974FBB /* 6Coeur@2x.png in Resources */,
				6415D3AE153C9F3400974FBB /* 6Pique.png in Resources */,
				6415D3AF153C9F3400974FBB /* 6Pique@2x.png in Resources */,
				6415D3B0153C9F3400974FBB /* 6Trefle.png in Resources */,
				6415D3B1153C9F3400974FBB /* 6Trefle@2x.png in Resources */,
				6415D3B2153C9F3400974FBB /* 7Carreau.png in Resources */,
				6415D3B3153C9F3400974FBB /* 7Carreau@2x.png in Resources */,
				6415D3B4153C9F3400974FBB /* 7Coeur.png in Resources */,
				6415D3B5153C9F3400974FBB /* 7Coeur@2x.png in Resources */,
				6415D3B6153C9F3400974FBB /* 7Pique.png in Resources */,
				6415D3B7153C9F3400974FBB /* 7Pique@2x.png in Resources */,
				6415D3B8153C9F3400974FBB /* 7Trefle.png in Resources */,
				6415D3B9153C9F3400974FBB /* 7Trefle@2x.png in Resources */,
				6415D3BA153C9F3400974FBB /* 8Carreau.png in Resources */,
				6415D3BB153C9F3400974FBB /* 8Carreau@2x.png in Resources */,
				6415D3BC153C9F3400974FBB /* 8Coeur.png in Resources */,
				6415D3BD153C9F3400974FBB /* 8Coeur@2x.png in Resources */,
				6415D3BE153C9F3400974FBB /* 8Pique.png in Resources */,
				6415D3BF153C9F3400974FBB /* 8Pique@2x.png in Resources */,
				6415D3C0153C9F3400974FBB /* 8Trefle.png in Resources */,
				6415D3C1153C9F3400974FBB /* 8Trefle@2x.png in Resources */,
				6415D3C2153C9F3400974FBB /* 9Carreau.png in Resources */,
				6415D3C3153C9F3400974FBB /* 9Carreau@2x.png in Resources */,
				6415D3C4153C9F3400974FBB /* 9Coeur.png in Resources */,
				6415D3C5153C9F3400974FBB /* 9Coeur@2x.png in Resources */,
				6415D3C6153C9F3400974FBB /* 9Pique.png in Resources */,
				6415D3C7153C9F3400974FBB /* 9Pique@2x.png in Resources */,
				6415D3C8153C9F3400974FBB /* 9Trefle.png in Resources */,
				6415D3C9153C9F3400974FBB /* 9Trefle@2x.png in Resources */,
				6415D3CA153C9F3400974FBB /* 10Carreau.png in Resources */,
				6415D3CB153C9F3400974FBB /* 10Carreau@2x.png in Resources */,
				6415D3CC153C9F3400974FBB /* 10Coeur.png in Resources */,
				6415D3CD153C9F3400974FBB /* 10Coeur@2x.png in Resources */,
				6415D3CE153C9F3400974FBB /* 10Pique.png in Resources */,
				6415D3CF153C9F3400974FBB /* 10Pique@2x.png in Resources */,
				6415D3D0153C9F3400974FBB /* 10Trefle.png in Resources */,
				6415D3D1153C9F3400974FBB /* 10Trefle@2x.png in Resources */,
				6415D3D2153C9F3400974FBB /* asCarreau.png in Resources */,
				6415D3D3153C9F3400974FBB /* asCarreau@2x.png in Resources */,
				6415D3D4153C9F3400974FBB /* asCoeur.png in Resources */,
				6415D3D5153C9F3400974FBB /* asCoeur@2x.png in Resources */,
				6415D3D6153C9F3400974FBB /* asPique.png in Resources */,
				6415D3D7153C9F3400974FBB /* asPique@2x.png in Resources */,
				6415D3D8153C9F3400974FBB /* asTrefle.png in Resources */,
				6415D3D9153C9F3400974FBB /* asTrefle@2x.png in Resources */,
				6415D3DA153C9F3400974FBB /* backgroundcartes.jpg in Resources */,
				6415D3DB153C9F3400974FBB /* cancel.png in Resources */,
				6415D3DC153C9F3400974FBB /* dameCarreau.png in Resources */,
				6415D3DD153C9F3400974FBB /* dameCarreau@2x.png in Resources */,
				6415D3DE153C9F3400974FBB /* dameCoeur.png in Resources */,
				6415D3DF153C9F3400974FBB /* dameCoeur@2x.png in Resources */,
				6415D3E0153C9F3400974FBB /* damePique.png in Resources */,
				6415D3E1153C9F3400974FBB /* damePique@2x.png in Resources */,
				6415D3E2153C9F3400974FBB /* dameTrefle.png in Resources */,
				6415D3E3153C9F3400974FBB /* dameTrefle@2x.png in Resources */,
				6415D3E4153C9F3400974FBB /* done.png in Resources */,
				6415D3E5153C9F3400974FBB /* dos.png in Resources */,
				6415D3E6153C9F3400974FBB /* dos@2x.png in Resources */,
				6415D3F7153C9F4700974FBB /* roiCarreau.png in Resources */,
				6415D3F8153C9F4700974FBB /* roiCarreau@2x.png in Resources */,
				6415D3F9153C9F4700974FBB /* roiCoeur.png in Resources */,
				6415D3FA153C9F4700974FBB /* roiCoeur@2x.png in Resources */,
				6415D3FB153C9F4700974FBB /* roiPique.png in Resources */,
				6415D3FC153C9F4700974FBB /* roiPique@2x.png in Resources */,
				6415D3FD153C9F4700974FBB /* roiTrefle.png in Resources */,
				6415D3FE153C9F4700974FBB /* roiTrefle@2x.png in Resources */,
				6415D3FF153C9F4700974FBB /* valetCarreau@.png in Resources */,
				6415D400153C9F4700974FBB /* valetCarreau@2x.png in Resources */,
				6415D401153C9F4700974FBB /* valetCoeur.png in Resources */,
				6415D402153C9F4700974FBB /* valetCoeur@2x.png in Resources */,
				6415D403153C9F4700974FBB /* valetPique.png in Resources */,
				6415D404153C9F4700974FBB /* valetPique@2x.png in Resources */,
				6415D405153C9F4700974FBB /* valetTrefle.png in Resources */,
				6415D406153C9F4700974FBB /* valetTrefle@2x.png in Resources */,
			);
			runOnlyForDeploymentPostprocessing = 0;
		};
/* End PBXResourcesBuildPhase section */

/* Begin PBXSourcesBuildPhase section */
		64D3792C1526FD3500DA794B /* Sources */ = {
			isa = PBXSourcesBuildPhase;
			buildActionMask = 2147483647;
			files = (
				64D379411526FD3500DA794B /* main.m in Sources */,
				64D379451526FD3500DA794B /* Pot_CalculatorAppDelegate.m in Sources */,
				64D379481526FD3500DA794B /* Pot_CalculatorViewController.m in Sources */,
				64346DB1152B52C700E54225 /* Pot_CalculatorSecondPageViewController.m in Sources */,
				64346DBB152C1E4300E54225 /* Pot_CalculatorThirdPageViewController.m in Sources */,
				64ACFBD8152C36A400098A01 /* IIViewDeckController.m in Sources */,
				64ACFBD9152C36A400098A01 /* WrapController.m in Sources */,
				45A2DE20152C4A0200BF80F3 /* MyCardsView.m in Sources */,
				649F2553152C51A70050E4D5 /* Pot_Calculator_Brain.m in Sources */,
				6485141A153A0FE8000DF1C9 /* Carte.m in Sources */,
			);
			runOnlyForDeploymentPostprocessing = 0;
		};
/* End PBXSourcesBuildPhase section */

/* Begin PBXVariantGroup section */
		64D3793D1526FD3500DA794B /* InfoPlist.strings */ = {
			isa = PBXVariantGroup;
			children = (
				64D3793E1526FD3500DA794B /* en */,
			);
			name = InfoPlist.strings;
			sourceTree = "<group>";
		};
		64D379491526FD3500DA794B /* Pot_CalculatorViewController.xib */ = {
			isa = PBXVariantGroup;
			children = (
				64D3794A1526FD3500DA794B /* en */,
			);
			name = Pot_CalculatorViewController.xib;
			sourceTree = "<group>";
		};
/* End PBXVariantGroup section */

/* Begin XCBuildConfiguration section */
		64D3794C1526FD3500DA794B /* Debug */ = {
			isa = XCBuildConfiguration;
			buildSettings = {
				ALWAYS_SEARCH_USER_PATHS = NO;
				ARCHS = "$(ARCHS_STANDARD_32_BIT)";
				CODE_SIGN_IDENTITY = "iPhone Developer: Paraita Wohler (Q4NWB5QCKP)";
				"CODE_SIGN_IDENTITY[sdk=iphoneos*]" = "iPhone Developer";
				COPY_PHASE_STRIP = NO;
				GCC_C_LANGUAGE_STANDARD = gnu99;
				GCC_DYNAMIC_NO_PIC = NO;
				GCC_OPTIMIZATION_LEVEL = 0;
				GCC_PREPROCESSOR_DEFINITIONS = (
					"DEBUG=1",
					"$(inherited)",
				);
				GCC_SYMBOLS_PRIVATE_EXTERN = NO;
				GCC_VERSION = com.apple.compilers.llvm.clang.1_0;
				GCC_WARN_ABOUT_RETURN_TYPE = YES;
				GCC_WARN_UNINITIALIZED_AUTOS = YES;
				GCC_WARN_UNUSED_VARIABLE = YES;
				IPHONEOS_DEPLOYMENT_TARGET = 4.3;
				PROVISIONING_PROFILE = "A7E0A592-20FA-4A03-8015-9E921B2FD90F";
				SDKROOT = iphoneos;
			};
			name = Debug;
		};
		64D3794D1526FD3500DA794B /* Release */ = {
			isa = XCBuildConfiguration;
			buildSettings = {
				ALWAYS_SEARCH_USER_PATHS = NO;
				ARCHS = "$(ARCHS_STANDARD_32_BIT)";
				CODE_SIGN_IDENTITY = "iPhone Developer: Paraita Wohler (Q4NWB5QCKP)";
				"CODE_SIGN_IDENTITY[sdk=iphoneos*]" = "iPhone Developer";
				COPY_PHASE_STRIP = YES;
				GCC_C_LANGUAGE_STANDARD = gnu99;
				GCC_VERSION = com.apple.compilers.llvm.clang.1_0;
				GCC_WARN_ABOUT_RETURN_TYPE = YES;
				GCC_WARN_UNINITIALIZED_AUTOS = YES;
				GCC_WARN_UNUSED_VARIABLE = YES;
				IPHONEOS_DEPLOYMENT_TARGET = 4.3;
				OTHER_CFLAGS = "-DNS_BLOCK_ASSERTIONS=1";
				PROVISIONING_PROFILE = "A7E0A592-20FA-4A03-8015-9E921B2FD90F";
				SDKROOT = iphoneos;
				VALIDATE_PRODUCT = YES;
			};
			name = Release;
		};
		64D3794F1526FD3500DA794B /* Debug */ = {
			isa = XCBuildConfiguration;
			buildSettings = {
				GCC_PRECOMPILE_PREFIX_HEADER = YES;
				GCC_PREFIX_HEADER = "Calculateur-de-Pot/Calculateur-de-Pot-Prefix.pch";
				INFOPLIST_FILE = "Calculateur-de-Pot/Calculateur-de-Pot-Info.plist";
				IPHONEOS_DEPLOYMENT_TARGET = 4.3;
				PRODUCT_NAME = "$(TARGET_NAME)";
				WRAPPER_EXTENSION = app;
			};
			name = Debug;
		};
		64D379501526FD3500DA794B /* Release */ = {
			isa = XCBuildConfiguration;
			buildSettings = {
				GCC_PRECOMPILE_PREFIX_HEADER = YES;
				GCC_PREFIX_HEADER = "Calculateur-de-Pot/Calculateur-de-Pot-Prefix.pch";
				INFOPLIST_FILE = "Calculateur-de-Pot/Calculateur-de-Pot-Info.plist";
				IPHONEOS_DEPLOYMENT_TARGET = 4.3;
				PRODUCT_NAME = "$(TARGET_NAME)";
				WRAPPER_EXTENSION = app;
			};
			name = Release;
		};
/* End XCBuildConfiguration section */

/* Begin XCConfigurationList section */
		64D3792A1526FD3500DA794B /* Build configuration list for PBXProject "Calculateur-de-Pot" */ = {
			isa = XCConfigurationList;
			buildConfigurations = (
				64D3794C1526FD3500DA794B /* Debug */,
				64D3794D1526FD3500DA794B /* Release */,
			);
			defaultConfigurationIsVisible = 0;
			defaultConfigurationName = Release;
		};
		64D3794E1526FD3500DA794B /* Build configuration list for PBXNativeTarget "Calculateur-de-Pot" */ = {
			isa = XCConfigurationList;
			buildConfigurations = (
				64D3794F1526FD3500DA794B /* Debug */,
				64D379501526FD3500DA794B /* Release */,
			);
			defaultConfigurationIsVisible = 0;
			defaultConfigurationName = Release;
		};
/* End XCConfigurationList section */
	};
	rootObject = 64D379271526FD3500DA794B /* Project object */;
}
